{
  "name": "@syler/action-test-package",
  "version": "1.0.0",
  "lockfileVersion": 2,
  "requires": true,
  "packages": {
    "": {
      "name": "@syler/action-test-package",
      "version": "1.0.0",
      "license": "MIT",
      "dependencies": {
        "suf-cli": "^0.5.1"
      }
    },
    "node_modules/node-fetch": {
      "version": "2.6.11",
      "resolved": "https://registry.npmjs.org/node-fetch/-/node-fetch-2.6.11.tgz",
      "integrity": "sha512-4I6pdBY1EthSqDmJkiNk3JIT8cswwR9nfeW/cPdUagJYEQG7R95WRH74wpz7ma8Gh/9dI9FP+OU+0E4FvtA55w==",
      "dependencies": {
        "whatwg-url": "^5.0.0"
      },
      "engines": {
        "node": "4.x || >=6.0.0"
      },
      "peerDependencies": {
        "encoding": "^0.1.0"
      },
      "peerDependenciesMeta": {
        "encoding": {
          "optional": true
        }
      }
    },
    "node_modules/package-json-type": {
      "version": "1.0.3",
      "resolved": "https://registry.npmjs.org/package-json-type/-/package-json-type-1.0.3.tgz",
      "integrity": "sha512-Bey4gdRuOwDbS8Fj1qA3/pTq5r8pqiI5E3tjSqCdhaLSsyGG364VFzXLTIexN5AaNGe/vgdBzLfoKdr7EVg2KQ=="
    },
    "node_modules/s.color": {
      "version": "0.0.15",
      "resolved": "https://registry.npmjs.org/s.color/-/s.color-0.0.15.tgz",
      "integrity": "sha512-AUNrbEUHeKY8XsYr/DYpl+qk5+aM+DChopnWOPEzn8YKzOhv4l2zH6LzZms3tOZP3wwdOyc0RmTciyi46HLIuA=="
    },
    "node_modules/suf-cli": {
      "version": "0.5.1",
      "resolved": "https://registry.npmjs.org/suf-cli/-/suf-cli-0.5.1.tgz",
      "integrity": "sha512-oCB+Tmu+GU95TQLO2rPefAfcu+HujYaFhERYMX4MWrwx3DXNSO4iSGUC+CXjH48v3SNqh8EOtxykBDow3pGFPQ==",
      "dependencies": {
        "node-fetch": "^2.6.1",
        "package-json-type": "^1.0.3",
        "suf-log": "^2.5.3",
        "suf-node": "^1.3.3",
        "tslib": "^2.4.0",
        "typescript": "^4.9.3"
      },
      "bin": {
        "suf": "dist/cli.js"
      }
    },
    "node_modules/suf-log": {
      "version": "2.5.3",
      "resolved": "https://registry.npmjs.org/suf-log/-/suf-log-2.5.3.tgz",
      "integrity": "sha512-KvC8OPjzdNOe+xQ4XWJV2whQA0aM1kGVczMQ8+dStAO6KfEB140JEVQ9dE76ONZ0/Ylf67ni4tILPJB41U0eow==",
      "dependencies": {
        "s.color": "0.0.15"
      }
    },
    "node_modules/suf-node": {
      "version": "1.3.3",
      "resolved": "https://registry.npmjs.org/suf-node/-/suf-node-1.3.3.tgz",
      "integrity": "sha512-zKdj0Lnpp/n4qM9nICjZgmH6exmpSUXopQuolsKHvAUPXJnskRAFHfkhmCGsusX92U/DzFoWWJopbdezFKolpg=="
    },
    "node_modules/tr46": {
      "version": "0.0.3",
      "resolved": "https://registry.npmjs.org/tr46/-/tr46-0.0.3.tgz",
      "integrity": "sha512-N3WMsuqV66lT30CrXNbEjx4GEwlow3v6rr4mCcv6prnfwhS01rkgyFdjPNBYd9br7LpXV1+Emh01fHnq2Gdgrw=="
    },
    "node_modules/tslib": {
      "version": "2.5.3",
      "resolved": "https://registry.npmjs.org/tslib/-/tslib-2.5.3.tgz",
      "integrity": "sha512-mSxlJJwl3BMEQCUNnxXBU9jP4JBktcEGhURcPR6VQVlnP0FdDEsIaz0C35dXNGLyRfrATNofF0F5p2KPxQgB+w=="
    },
    "node_modules/typescript": {
      "version": "4.9.5",
      "resolved": "https://registry.npmjs.org/typescript/-/typescript-4.9.5.tgz",
      "integrity": "sha512-1FXk9E2Hm+QzZQ7z+McJiHL4NW1F2EzMu9Nq9i3zAaGqibafqYwCVU6WyWAuyQRRzOlxou8xZSyXLEN8oKj24g==",
      "bin": {
        "tsc": "bin/tsc",
        "tsserver": "bin/tsserver"
      },
      "engines": {
        "node": ">=4.2.0"
      }
    },
    "node_modules/webidl-conversions": {
      "version": "3.0.1",
      "resolved": "https://registry.npmjs.org/webidl-conversions/-/webidl-conversions-3.0.1.tgz",
      "integrity": "sha512-2JAn3z8AR6rjK8Sm8orRC0h/bcl/DqL7tRPdGZ4I1CjdF+EaMLmYxBHyXuKL849eucPFhvBoxMsflfOb8kxaeQ=="
    },
    "node_modules/whatwg-url": {
      "version": "5.0.0",
      "resolved": "https://registry.npmjs.org/whatwg-url/-/whatwg-url-5.0.0.tgz",
      "integrity": "sha512-saE57nupxk6v3HY35+jzBwYa0rKSy0XR8JSxZPwgLr7ys0IBzhGviA1/TUGJLmSVqs8pb9AnvICXEuOHLprYTw==",
      "dependencies": {
        "tr46": "~0.0.3",
        "webidl-conversions": "^3.0.0"
      }
    }
  },
  "dependencies": {
    "node-fetch": {
      "version": "2.6.11",
      "resolved": "https://registry.npmjs.org/node-fetch/-/node-fetch-2.6.11.tgz",
      "integrity": "sha512-4I6pdBY1EthSqDmJkiNk3JIT8cswwR9nfeW/cPdUagJYEQG7R95WRH74wpz7ma8Gh/9dI9FP+OU+0E4FvtA55w==",
      "requires": {
        "whatwg-url": "^5.0.0"
      }
    },
    "package-json-type": {
      "version": "1.0.3",
      "resolved": "https://registry.npmjs.org/package-json-type/-/package-json-type-1.0.3.tgz",
      "integrity": "sha512-Bey4gdRuOwDbS8Fj1qA3/pTq5r8pqiI5E3tjSqCdhaLSsyGG364VFzXLTIexN5AaNGe/vgdBzLfoKdr7EVg2KQ=="
    },
    "s.color": {
      "version": "0.0.15",
      "resolved": "https://registry.npmjs.org/s.color/-/s.color-0.0.15.tgz",
      "integrity": "sha512-AUNrbEUHeKY8XsYr/DYpl+qk5+aM+DChopnWOPEzn8YKzOhv4l2zH6LzZms3tOZP3wwdOyc0RmTciyi46HLIuA=="
    },
    "suf-cli": {
      "version": "0.5.1",
      "resolved": "https://registry.npmjs.org/suf-cli/-/suf-cli-0.5.1.tgz",
      "integrity": "sha512-oCB+Tmu+GU95TQLO2rPefAfcu+HujYaFhERYMX4MWrwx3DXNSO4iSGUC+CXjH48v3SNqh8EOtxykBDow3pGFPQ==",
      "requires": {
        "node-fetch": "^2.6.1",
        "package-json-type": "^1.0.3",
        "suf-log": "^2.5.3",
        "suf-node": "^1.3.3",
        "tslib": "^2.4.0",
        "typescript": "^4.9.3"
      }
    },
    "suf-log": {
      "version": "2.5.3",
      "resolved": "https://registry.npmjs.org/suf-log/-/suf-log-2.5.3.tgz",
      "integrity": "sha512-KvC8OPjzdNOe+xQ4XWJV2whQA0aM1kGVczMQ8+dStAO6KfEB140JEVQ9dE76ONZ0/Ylf67ni4tILPJB41U0eow==",
      "requires": {
        "s.color": "0.0.15"
      }
    },
    "suf-node": {
      "version": "1.3.3",
      "resolved": "https://registry.npmjs.org/suf-node/-/suf-node-1.3.3.tgz",
      "integrity": "sha512-zKdj0Lnpp/n4qM9nICjZgmH6exmpSUXopQuolsKHvAUPXJnskRAFHfkhmCGsusX92U/DzFoWWJopbdezFKolpg=="
    },
    "tr46": {
      "version": "0.0.3",
      "resolved": "https://registry.npmjs.org/tr46/-/tr46-0.0.3.tgz",
      "integrity": "sha512-N3WMsuqV66lT30CrXNbEjx4GEwlow3v6rr4mCcv6prnfwhS01rkgyFdjPNBYd9br7LpXV1+Emh01fHnq2Gdgrw=="
    },
    "tslib": {
      "version": "2.5.3",
      "resolved": "https://registry.npmjs.org/tslib/-/tslib-2.5.3.tgz",
      "integrity": "sha512-mSxlJJwl3BMEQCUNnxXBU9jP4JBktcEGhURcPR6VQVlnP0FdDEsIaz0C35dXNGLyRfrATNofF0F5p2KPxQgB+w=="
    },
    "typescript": {
      "version": "4.9.5",
      "resolved": "https://registry.npmjs.org/typescript/-/typescript-4.9.5.tgz",
      "integrity": "sha512-1FXk9E2Hm+QzZQ7z+McJiHL4NW1F2EzMu9Nq9i3zAaGqibafqYwCVU6WyWAuyQRRzOlxou8xZSyXLEN8oKj24g=="
    },
    "webidl-conversions": {
      "version": "3.0.1",
      "resolved": "https://registry.npmjs.org/webidl-conversions/-/webidl-conversions-3.0.1.tgz",
      "integrity": "sha512-2JAn3z8AR6rjK8Sm8orRC0h/bcl/DqL7tRPdGZ4I1CjdF+EaMLmYxBHyXuKL849eucPFhvBoxMsflfOb8kxaeQ=="
    },
    "whatwg-url": {
      "version": "5.0.0",
      "resolved": "https://registry.npmjs.org/whatwg-url/-/whatwg-url-5.0.0.tgz",
      "integrity": "sha512-saE57nupxk6v3HY35+jzBwYa0rKSy0XR8JSxZPwgLr7ys0IBzhGviA1/TUGJLmSVqs8pb9AnvICXEuOHLprYTw==",
      "requires": {
        "tr46": "~0.0.3",
        "webidl-conversions": "^3.0.0"
      }
    }
  }
}
